// !$*UTF8*$!
{
	archiveVersion = 1;
	classes = {
	};
	objectVersion = 46;
	objects = {

/* Begin PBXBuildFile section */
		0C123E631BDE73E8006AB4A0 /* AppDelegate.swift in Sources */ = {isa = PBXBuildFile; fileRef = 0C123E621BDE73E8006AB4A0 /* AppDelegate.swift */; };
		0C123E651BDE73E8006AB4A0 /* ViewController.swift in Sources */ = {isa = PBXBuildFile; fileRef = 0C123E641BDE73E8006AB4A0 /* ViewController.swift */; };
		0C123E681BDE73E8006AB4A0 /* Main.storyboard in Resources */ = {isa = PBXBuildFile; fileRef = 0C123E661BDE73E8006AB4A0 /* Main.storyboard */; };
		0C123E6A1BDE73E8006AB4A0 /* Assets.xcassets in Resources */ = {isa = PBXBuildFile; fileRef = 0C123E691BDE73E8006AB4A0 /* Assets.xcassets */; };
		0C123E6D1BDE73E8006AB4A0 /* LaunchScreen.storyboard in Resources */ = {isa = PBXBuildFile; fileRef = 0C123E6B1BDE73E8006AB4A0 /* LaunchScreen.storyboard */; };
		0C464D831BE2436300612A2C /* TargetPriorityStrategy.swift in Sources */ = {isa = PBXBuildFile; fileRef = 0C464D821BE2436300612A2C /* TargetPriorityStrategy.swift */; };
		0C464D851BE2439000612A2C /* ScreeningStrategy.swift in Sources */ = {isa = PBXBuildFile; fileRef = 0C464D841BE2439000612A2C /* ScreeningStrategy.swift */; };
		0C464D871BE25C0F00612A2C /* TestBattle.swift in Sources */ = {isa = PBXBuildFile; fileRef = 0C464D861BE25C0F00612A2C /* TestBattle.swift */; };
		0C7EBDA01BE669C4001370BE /* UnitGroupTableViewCell.swift in Sources */ = {isa = PBXBuildFile; fileRef = 0C7EBD9F1BE669C4001370BE /* UnitGroupTableViewCell.swift */; };
		0C7F46711BF200BB005C7206 /* SimResultTableViewCell.swift in Sources */ = {isa = PBXBuildFile; fileRef = 0C7F46701BF200BB005C7206 /* SimResultTableViewCell.swift */; };
		0C8147551BF484BC00D75CAD /* StrategyTableViewCell.swift in Sources */ = {isa = PBXBuildFile; fileRef = 0C8147541BF484BC00D75CAD /* StrategyTableViewCell.swift */; };
		0C83AD461BF390EE00886B8F /* StrategySelectViewController.swift in Sources */ = {isa = PBXBuildFile; fileRef = 0C83AD451BF390EE00886B8F /* StrategySelectViewController.swift */; };
		0C83B71C1BE7496700E93D06 /* BattleEditorViewController.swift in Sources */ = {isa = PBXBuildFile; fileRef = 0C83B71B1BE7496700E93D06 /* BattleEditorViewController.swift */; };
		0C83B71E1BE74D7800E93D06 /* UnitGroup.swift in Sources */ = {isa = PBXBuildFile; fileRef = 0C83B71D1BE74D7800E93D06 /* UnitGroup.swift */; };
		0C83B7201BE798D600E93D06 /* PlayerFleetStore.swift in Sources */ = {isa = PBXBuildFile; fileRef = 0C83B71F1BE798D600E93D06 /* PlayerFleetStore.swift */; };
		0C87F82B1BDFC8DC007AC3C5 /* CombatSimulator.swift in Sources */ = {isa = PBXBuildFile; fileRef = 0C87F82A1BDFC8DC007AC3C5 /* CombatSimulator.swift */; };
		0C87F82D1BDFCC2A007AC3C5 /* PlayerGroup.swift in Sources */ = {isa = PBXBuildFile; fileRef = 0C87F82C1BDFCC2A007AC3C5 /* PlayerGroup.swift */; };
		0C94B7FA1BF0982F00B2DBEA /* SimSettingsViewController.swift in Sources */ = {isa = PBXBuildFile; fileRef = 0C94B7F91BF0982F00B2DBEA /* SimSettingsViewController.swift */; };
		0C94B7FC1BF09A2200B2DBEA /* SimSettings.swift in Sources */ = {isa = PBXBuildFile; fileRef = 0C94B7FB1BF09A2200B2DBEA /* SimSettings.swift */; };
		0C94B7FE1BF0E50E00B2DBEA /* SimResultViewController.swift in Sources */ = {isa = PBXBuildFile; fileRef = 0C94B7FD1BF0E50E00B2DBEA /* SimResultViewController.swift */; };
		0C94EECA1BECD4900069530B /* GroupEditorViewController.swift in Sources */ = {isa = PBXBuildFile; fileRef = 0C94EEC91BECD4900069530B /* GroupEditorViewController.swift */; };
		0CB860101BF2380200518718 /* SimStats.swift in Sources */ = {isa = PBXBuildFile; fileRef = 0CB8600F1BF2380200518718 /* SimStats.swift */; };
		0CD861611BDF965E00FD0D17 /* Unit.swift in Sources */ = {isa = PBXBuildFile; fileRef = 0CD861601BDF965E00FD0D17 /* Unit.swift */; };
/* End PBXBuildFile section */

/* Begin PBXFileReference section */
		0C123E5F1BDE73E8006AB4A0 /* SpaceEmpiresBattleOdds.app */ = {isa = PBXFileReference; explicitFileType = wrapper.application; includeInIndex = 0; path = SpaceEmpiresBattleOdds.app; sourceTree = BUILT_PRODUCTS_DIR; };
		0C123E621BDE73E8006AB4A0 /* AppDelegate.swift */ = {isa = PBXFileReference; lastKnownFileType = sourcecode.swift; path = AppDelegate.swift; sourceTree = "<group>"; };
		0C123E641BDE73E8006AB4A0 /* ViewController.swift */ = {isa = PBXFileReference; lastKnownFileType = sourcecode.swift; path = ViewController.swift; sourceTree = "<group>"; };
		0C123E671BDE73E8006AB4A0 /* Base */ = {isa = PBXFileReference; lastKnownFileType = file.storyboard; name = Base; path = Base.lproj/Main.storyboard; sourceTree = "<group>"; };
		0C123E691BDE73E8006AB4A0 /* Assets.xcassets */ = {isa = PBXFileReference; lastKnownFileType = folder.assetcatalog; path = Assets.xcassets; sourceTree = "<group>"; };
		0C123E6C1BDE73E8006AB4A0 /* Base */ = {isa = PBXFileReference; lastKnownFileType = file.storyboard; name = Base; path = Base.lproj/LaunchScreen.storyboard; sourceTree = "<group>"; };
		0C123E6E1BDE73E8006AB4A0 /* Info.plist */ = {isa = PBXFileReference; lastKnownFileType = text.plist.xml; path = Info.plist; sourceTree = "<group>"; };
		0C464D821BE2436300612A2C /* TargetPriorityStrategy.swift */ = {isa = PBXFileReference; fileEncoding = 4; lastKnownFileType = sourcecode.swift; path = TargetPriorityStrategy.swift; sourceTree = "<group>"; };
		0C464D841BE2439000612A2C /* ScreeningStrategy.swift */ = {isa = PBXFileReference; fileEncoding = 4; lastKnownFileType = sourcecode.swift; path = ScreeningStrategy.swift; sourceTree = "<group>"; };
		0C464D861BE25C0F00612A2C /* TestBattle.swift */ = {isa = PBXFileReference; fileEncoding = 4; lastKnownFileType = sourcecode.swift; path = TestBattle.swift; sourceTree = "<group>"; };
		0C7EBD9F1BE669C4001370BE /* UnitGroupTableViewCell.swift */ = {isa = PBXFileReference; fileEncoding = 4; lastKnownFileType = sourcecode.swift; path = UnitGroupTableViewCell.swift; sourceTree = "<group>"; };
		0C7F46701BF200BB005C7206 /* SimResultTableViewCell.swift */ = {isa = PBXFileReference; fileEncoding = 4; lastKnownFileType = sourcecode.swift; path = SimResultTableViewCell.swift; sourceTree = "<group>"; };
		0C8147541BF484BC00D75CAD /* StrategyTableViewCell.swift */ = {isa = PBXFileReference; fileEncoding = 4; lastKnownFileType = sourcecode.swift; path = StrategyTableViewCell.swift; sourceTree = "<group>"; };
		0C83AD451BF390EE00886B8F /* StrategySelectViewController.swift */ = {isa = PBXFileReference; fileEncoding = 4; lastKnownFileType = sourcecode.swift; path = StrategySelectViewController.swift; sourceTree = "<group>"; };
		0C83B71B1BE7496700E93D06 /* BattleEditorViewController.swift */ = {isa = PBXFileReference; fileEncoding = 4; lastKnownFileType = sourcecode.swift; path = BattleEditorViewController.swift; sourceTree = "<group>"; };
		0C83B71D1BE74D7800E93D06 /* UnitGroup.swift */ = {isa = PBXFileReference; fileEncoding = 4; lastKnownFileType = sourcecode.swift; path = UnitGroup.swift; sourceTree = "<group>"; };
		0C83B71F1BE798D600E93D06 /* PlayerFleetStore.swift */ = {isa = PBXFileReference; fileEncoding = 4; lastKnownFileType = sourcecode.swift; path = PlayerFleetStore.swift; sourceTree = "<group>"; };
		0C87F82A1BDFC8DC007AC3C5 /* CombatSimulator.swift */ = {isa = PBXFileReference; fileEncoding = 4; lastKnownFileType = sourcecode.swift; path = CombatSimulator.swift; sourceTree = "<group>"; };
		0C87F82C1BDFCC2A007AC3C5 /* PlayerGroup.swift */ = {isa = PBXFileReference; fileEncoding = 4; lastKnownFileType = sourcecode.swift; path = PlayerGroup.swift; sourceTree = "<group>"; };
		0C94B7F91BF0982F00B2DBEA /* SimSettingsViewController.swift */ = {isa = PBXFileReference; fileEncoding = 4; lastKnownFileType = sourcecode.swift; path = SimSettingsViewController.swift; sourceTree = "<group>"; };
		0C94B7FB1BF09A2200B2DBEA /* SimSettings.swift */ = {isa = PBXFileReference; fileEncoding = 4; lastKnownFileType = sourcecode.swift; path = SimSettings.swift; sourceTree = "<group>"; };
		0C94B7FD1BF0E50E00B2DBEA /* SimResultViewController.swift */ = {isa = PBXFileReference; fileEncoding = 4; lastKnownFileType = sourcecode.swift; path = SimResultViewController.swift; sourceTree = "<group>"; };
		0C94EEC91BECD4900069530B /* GroupEditorViewController.swift */ = {isa = PBXFileReference; fileEncoding = 4; lastKnownFileType = sourcecode.swift; path = GroupEditorViewController.swift; sourceTree = "<group>"; };
		0CB8600F1BF2380200518718 /* SimStats.swift */ = {isa = PBXFileReference; fileEncoding = 4; lastKnownFileType = sourcecode.swift; path = SimStats.swift; sourceTree = "<group>"; };
		0CD861601BDF965E00FD0D17 /* Unit.swift */ = {isa = PBXFileReference; fileEncoding = 4; lastKnownFileType = sourcecode.swift; path = Unit.swift; sourceTree = "<group>"; };
/* End PBXFileReference section */

/* Begin PBXFrameworksBuildPhase section */
		0C123E5C1BDE73E8006AB4A0 /* Frameworks */ = {
			isa = PBXFrameworksBuildPhase;
			buildActionMask = 2147483647;
			files = (
			);
			runOnlyForDeploymentPostprocessing = 0;
		};
/* End PBXFrameworksBuildPhase section */

/* Begin PBXGroup section */
		0C123E561BDE73E8006AB4A0 = {
			isa = PBXGroup;
			children = (
				0C123E611BDE73E8006AB4A0 /* SpaceEmpiresBattleOdds */,
				0C123E601BDE73E8006AB4A0 /* Products */,
			);
			sourceTree = "<group>";
		};
		0C123E601BDE73E8006AB4A0 /* Products */ = {
			isa = PBXGroup;
			children = (
				0C123E5F1BDE73E8006AB4A0 /* SpaceEmpiresBattleOdds.app */,
			);
			name = Products;
			sourceTree = "<group>";
		};
		0C123E611BDE73E8006AB4A0 /* SpaceEmpiresBattleOdds */ = {
			isa = PBXGroup;
			children = (
				0C123E621BDE73E8006AB4A0 /* AppDelegate.swift */,
				0C464D861BE25C0F00612A2C /* TestBattle.swift */,
				0C123E641BDE73E8006AB4A0 /* ViewController.swift */,
				0C83B71B1BE7496700E93D06 /* BattleEditorViewController.swift */,
				0C83B71F1BE798D600E93D06 /* PlayerFleetStore.swift */,
				0C94B7FB1BF09A2200B2DBEA /* SimSettings.swift */,
				0CB8600F1BF2380200518718 /* SimStats.swift */,
				0C123E661BDE73E8006AB4A0 /* Main.storyboard */,
				0C8147541BF484BC00D75CAD /* StrategyTableViewCell.swift */,
				0C83AD451BF390EE00886B8F /* StrategySelectViewController.swift */,
				0C94B7FD1BF0E50E00B2DBEA /* SimResultViewController.swift */,
				0C7F46701BF200BB005C7206 /* SimResultTableViewCell.swift */,
				0C94B7F91BF0982F00B2DBEA /* SimSettingsViewController.swift */,
				0C94EEC91BECD4900069530B /* GroupEditorViewController.swift */,
				0C7EBD9F1BE669C4001370BE /* UnitGroupTableViewCell.swift */,
				0C123E691BDE73E8006AB4A0 /* Assets.xcassets */,
				0C123E6B1BDE73E8006AB4A0 /* LaunchScreen.storyboard */,
				0C123E6E1BDE73E8006AB4A0 /* Info.plist */,
				0C83B71D1BE74D7800E93D06 /* UnitGroup.swift */,
				0CD861601BDF965E00FD0D17 /* Unit.swift */,
				0C87F82C1BDFCC2A007AC3C5 /* PlayerGroup.swift */,
				0C464D841BE2439000612A2C /* ScreeningStrategy.swift */,
				0C464D821BE2436300612A2C /* TargetPriorityStrategy.swift */,
				0C87F82A1BDFC8DC007AC3C5 /* CombatSimulator.swift */,
			);
			path = SpaceEmpiresBattleOdds;
			sourceTree = "<group>";
		};
/* End PBXGroup section */

/* Begin PBXNativeTarget section */
		0C123E5E1BDE73E8006AB4A0 /* SpaceEmpiresBattleOdds */ = {
			isa = PBXNativeTarget;
			buildConfigurationList = 0C123E711BDE73E8006AB4A0 /* Build configuration list for PBXNativeTarget "SpaceEmpiresBattleOdds" */;
			buildPhases = (
				0C123E5B1BDE73E8006AB4A0 /* Sources */,
				0C123E5C1BDE73E8006AB4A0 /* Frameworks */,
				0C123E5D1BDE73E8006AB4A0 /* Resources */,
			);
			buildRules = (
			);
			dependencies = (
			);
			name = SpaceEmpiresBattleOdds;
			productName = SpaceEmpiresBattleOdds;
			productReference = 0C123E5F1BDE73E8006AB4A0 /* SpaceEmpiresBattleOdds.app */;
			productType = "com.apple.product-type.application";
		};
/* End PBXNativeTarget section */

/* Begin PBXProject section */
		0C123E571BDE73E8006AB4A0 /* Project object */ = {
			isa = PBXProject;
			attributes = {
				LastSwiftUpdateCheck = 0710;
				LastUpgradeCheck = 0710;
				ORGANIZATIONNAME = "Tibor Grose";
				TargetAttributes = {
					0C123E5E1BDE73E8006AB4A0 = {
						CreatedOnToolsVersion = 7.1;
						DevelopmentTeam = J7M523W9C2;
					};
				};
			};
			buildConfigurationList = 0C123E5A1BDE73E8006AB4A0 /* Build configuration list for PBXProject "SpaceEmpiresBattleOdds" */;
			compatibilityVersion = "Xcode 3.2";
			developmentRegion = English;
			hasScannedForEncodings = 0;
			knownRegions = (
				en,
				Base,
			);
			mainGroup = 0C123E561BDE73E8006AB4A0;
			productRefGroup = 0C123E601BDE73E8006AB4A0 /* Products */;
			projectDirPath = "";
			projectRoot = "";
			targets = (
				0C123E5E1BDE73E8006AB4A0 /* SpaceEmpiresBattleOdds */,
			);
		};
/* End PBXProject section */

/* Begin PBXResourcesBuildPhase section */
		0C123E5D1BDE73E8006AB4A0 /* Resources */ = {
			isa = PBXResourcesBuildPhase;
			buildActionMask = 2147483647;
			files = (
				0C123E6D1BDE73E8006AB4A0 /* LaunchScreen.storyboard in Resources */,
				0C123E6A1BDE73E8006AB4A0 /* Assets.xcassets in Resources */,
				0C123E681BDE73E8006AB4A0 /* Main.storyboard in Resources */,
			);
			runOnlyForDeploymentPostprocessing = 0;
		};
/* End PBXResourcesBuildPhase section */

/* Begin PBXSourcesBuildPhase section */
		0C123E5B1BDE73E8006AB4A0 /* Sources */ = {
			isa = PBXSourcesBuildPhase;
			buildActionMask = 2147483647;
			files = (
				0C7F46711BF200BB005C7206 /* SimResultTableViewCell.swift in Sources */,
				0C123E651BDE73E8006AB4A0 /* ViewController.swift in Sources */,
				0C94EECA1BECD4900069530B /* GroupEditorViewController.swift in Sources */,
				0C94B7FC1BF09A2200B2DBEA /* SimSettings.swift in Sources */,
				0C87F82D1BDFCC2A007AC3C5 /* PlayerGroup.swift in Sources */,
				0CD861611BDF965E00FD0D17 /* Unit.swift in Sources */,
				0C83B71E1BE74D7800E93D06 /* UnitGroup.swift in Sources */,
				0CB860101BF2380200518718 /* SimStats.swift in Sources */,
				0C87F82B1BDFC8DC007AC3C5 /* CombatSimulator.swift in Sources */,
				0C94B7FE1BF0E50E00B2DBEA /* SimResultViewController.swift in Sources */,
				0C123E631BDE73E8006AB4A0 /* AppDelegate.swift in Sources */,
				0C464D851BE2439000612A2C /* ScreeningStrategy.swift in Sources */,
				0C8147551BF484BC00D75CAD /* StrategyTableViewCell.swift in Sources */,
				0C464D831BE2436300612A2C /* TargetPriorityStrategy.swift in Sources */,
				0C83AD461BF390EE00886B8F /* StrategySelectViewController.swift in Sources */,
				0C464D871BE25C0F00612A2C /* TestBattle.swift in Sources */,
				0C83B71C1BE7496700E93D06 /* BattleEditorViewController.swift in Sources */,
				0C94B7FA1BF0982F00B2DBEA /* SimSettingsViewController.swift in Sources */,
				0C7EBDA01BE669C4001370BE /* UnitGroupTableViewCell.swift in Sources */,
				0C83B7201BE798D600E93D06 /* PlayerFleetStore.swift in Sources */,
			);
			runOnlyForDeploymentPostprocessing = 0;
		};
/* End PBXSourcesBuildPhase section */

/* Begin PBXVariantGroup section */
		0C123E661BDE73E8006AB4A0 /* Main.storyboard */ = {
			isa = PBXVariantGroup;
			children = (
				0C123E671BDE73E8006AB4A0 /* Base */,
			);
			name = Main.storyboard;
			sourceTree = "<group>";
		};
		0C123E6B1BDE73E8006AB4A0 /* LaunchScreen.storyboard */ = {
			isa = PBXVariantGroup;
			children = (
				0C123E6C1BDE73E8006AB4A0 /* Base */,
			);
			name = LaunchScreen.storyboard;
			sourceTree = "<group>";
		};
/* End PBXVariantGroup section */

/* Begin XCBuildConfiguration section */
		0C123E6F1BDE73E8006AB4A0 /* Debug */ = {
			isa = XCBuildConfiguration;
			buildSettings = {
				ALWAYS_SEARCH_USER_PATHS = NO;
				CLANG_CXX_LANGUAGE_STANDARD = "gnu++0x";
				CLANG_CXX_LIBRARY = "libc++";
				CLANG_ENABLE_MODULES = YES;
				CLANG_ENABLE_OBJC_ARC = YES;
				CLANG_WARN_BOOL_CONVERSION = YES;
				CLANG_WARN_CONSTANT_CONVERSION = YES;
				CLANG_WARN_DIRECT_OBJC_ISA_USAGE = YES_ERROR;
				CLANG_WARN_EMPTY_BODY = YES;
				CLANG_WARN_ENUM_CONVERSION = YES;
				CLANG_WARN_INT_CONVERSION = YES;
				CLANG_WARN_OBJC_ROOT_CLASS = YES_ERROR;
				CLANG_WARN_UNREACHABLE_CODE = YES;
				CLANG_WARN__DUPLICATE_METHOD_MATCH = YES;
				"CODE_SIGN_IDENTITY[sdk=iphoneos*]" = "iPhone Developer";
				COPY_PHASE_STRIP = NO;
				DEBUG_INFORMATION_FORMAT = dwarf;
				ENABLE_STRICT_OBJC_MSGSEND = YES;
				ENABLE_TESTABILITY = YES;
				GCC_C_LANGUAGE_STANDARD = gnu99;
				GCC_DYNAMIC_NO_PIC = NO;
				GCC_NO_COMMON_BLOCKS = YES;
				GCC_OPTIMIZATION_LEVEL = 0;
				GCC_PREPROCESSOR_DEFINITIONS = (
					"DEBUG=1",
					"$(inherited)",
				);
				GCC_WARN_64_TO_32_BIT_CONVERSION = YES;
				GCC_WARN_ABOUT_RETURN_TYPE = YES_ERROR;
				GCC_WARN_UNDECLARED_SELECTOR = YES;
				GCC_WARN_UNINITIALIZED_AUTOS = YES_AGGRESSIVE;
				GCC_WARN_UNUSED_FUNCTION = YES;
				GCC_WARN_UNUSED_VARIABLE = YES;
				IPHONEOS_DEPLOYMENT_TARGET = 9.1;
				MTL_ENABLE_DEBUG_INFO = YES;
				ONLY_ACTIVE_ARCH = YES;
				SDKROOT = iphoneos;
				SWIFT_OPTIMIZATION_LEVEL = "-Onone";
				TARGETED_DEVICE_FAMILY = "1,2";
			};
			name = Debug;
		};
		0C123E701BDE73E8006AB4A0 /* Release */ = {
			isa = XCBuildConfiguration;
			buildSettings = {
				ALWAYS_SEARCH_USER_PATHS = NO;
				CLANG_CXX_LANGUAGE_STANDARD = "gnu++0x";
				CLANG_CXX_LIBRARY = "libc++";
				CLANG_ENABLE_MODULES = YES;
				CLANG_ENABLE_OBJC_ARC = YES;
				CLANG_WARN_BOOL_CONVERSION = YES;
				CLANG_WARN_CONSTANT_CONVERSION = YES;
				CLANG_WARN_DIRECT_OBJC_ISA_USAGE = YES_ERROR;
				CLANG_WARN_EMPTY_BODY = YES;
				CLANG_WARN_ENUM_CONVERSION = YES;
				CLANG_WARN_INT_CONVERSION = YES;
				CLANG_WARN_OBJC_ROOT_CLASS = YES_ERROR;
				CLANG_WARN_UNREACHABLE_CODE = YES;
				CLANG_WARN__DUPLICATE_METHOD_MATCH = YES;
				"CODE_SIGN_IDENTITY[sdk=iphoneos*]" = "iPhone Developer";
				COPY_PHASE_STRIP = NO;
				DEBUG_INFORMATION_FORMAT = "dwarf-with-dsym";
				ENABLE_NS_ASSERTIONS = NO;
				ENABLE_STRICT_OBJC_MSGSEND = YES;
				GCC_C_LANGUAGE_STANDARD = gnu99;
				GCC_NO_COMMON_BLOCKS = YES;
				GCC_WARN_64_TO_32_BIT_CONVERSION = YES;
				GCC_WARN_ABOUT_RETURN_TYPE = YES_ERROR;
				GCC_WARN_UNDECLARED_SELECTOR = YES;
				GCC_WARN_UNINITIALIZED_AUTOS = YES_AGGRESSIVE;
				GCC_WARN_UNUSED_FUNCTION = YES;
				GCC_WARN_UNUSED_VARIABLE = YES;
				IPHONEOS_DEPLOYMENT_TARGET = 9.1;
				MTL_ENABLE_DEBUG_INFO = NO;
				SDKROOT = iphoneos;
				TARGETED_DEVICE_FAMILY = "1,2";
				VALIDATE_PRODUCT = YES;
			};
			name = Release;
		};
		0C123E721BDE73E8006AB4A0 /* Debug */ = {
			isa = XCBuildConfiguration;
			buildSettings = {
				ASSETCATALOG_COMPILER_APPICON_NAME = AppIcon;
				CODE_SIGN_IDENTITY = "iPhone Developer";
				INFOPLIST_FILE = SpaceEmpiresBattleOdds/Info.plist;
				LD_RUNPATH_SEARCH_PATHS = "$(inherited) @executable_path/Frameworks";
				PRODUCT_BUNDLE_IDENTIFIER = com.tiborg.SpaceEmpiresBattleOdds;
				PRODUCT_NAME = "$(TARGET_NAME)";
			};
			name = Debug;
		};
		0C123E731BDE73E8006AB4A0 /* Release */ = {
			isa = XCBuildConfiguration;
			buildSettings = {
				ASSETCATALOG_COMPILER_APPICON_NAME = AppIcon;
				CODE_SIGN_IDENTITY = "iPhone Developer";
				INFOPLIST_FILE = SpaceEmpiresBattleOdds/Info.plist;
				LD_RUNPATH_SEARCH_PATHS = "$(inherited) @executable_path/Frameworks";
				PRODUCT_BUNDLE_IDENTIFIER = com.tiborg.SpaceEmpiresBattleOdds;
				PRODUCT_NAME = "$(TARGET_NAME)";
			};
			name = Release;
		};
/* End XCBuildConfiguration section */

/* Begin XCConfigurationList section */
		0C123E5A1BDE73E8006AB4A0 /* Build configuration list for PBXProject "SpaceEmpiresBattleOdds" */ = {
			isa = XCConfigurationList;
			buildConfigurations = (
				0C123E6F1BDE73E8006AB4A0 /* Debug */,
				0C123E701BDE73E8006AB4A0 /* Release */,
			);
			defaultConfigurationIsVisible = 0;
			defaultConfigurationName = Release;
		};
		0C123E711BDE73E8006AB4A0 /* Build configuration list for PBXNativeTarget "SpaceEmpiresBattleOdds" */ = {
			isa = XCConfigurationList;
			buildConfigurations = (
				0C123E721BDE73E8006AB4A0 /* Debug */,
				0C123E731BDE73E8006AB4A0 /* Release */,
			);
			defaultConfigurationIsVisible = 0;
			defaultConfigurationName = Release;
		};
/* End XCConfigurationList section */
	};
	rootObject = 0C123E571BDE73E8006AB4A0 /* Project object */;
}
